lockfileVersion: '9.0'

settings:
  autoInstallPeers: true
  excludeLinksFromLockfile: false

importers:

  .:
    dependencies:
      react:
        specifier: ~19.1.0
        version: 19.1.5
      react-dom:
        specifier: ~19.1.0
        version: 19.1.5(react@19.1.5)
      react-router-dom:
        specifier: ^7.13.2
        version: 7.13.2(react-dom@19.1.5(react@19.1.5))(react@19.1.5)

packages:

  cookie@1.1.1:
    resolution: {integrity: sha512-ei8Aos7ja0weRpFzJnEA9UHJ/7XQmqglbRwnf2ATjcB9Wq874VKH9kfjjirM6UhU2/E5fFYadylyhFldcqSidQ==}
    engines: {node: '>=18'}

  react-dom@19.1.5:
    resolution: {integrity: sha512-tvMijysf97vcHla1PNI/aU2apv7f4r0ct0OBk3i3QOBfsVhZzHEuPBLemClkfuw8LroE4FH6kXcQOftf2ntPHQ==}
    peerDependencies:
      react: ^19.1.5

  react-router-dom@7.13.2:
    resolution: {integrity: sha512-aR7SUORwTqAW0JDeiWF07e9SBE9qGpByR9I8kJT5h/FrBKxPMS6TiC7rmVO+gC0q52Bx7JnjWe8Z1sR9faN4YA==}
    engines: {node: '>=20.0.0'}
    peerDependencies:
      react: '>=18'
      react-dom: '>=18'

  react-router@7.13.2:
    resolution: {integrity: sha512-tX1Aee+ArlKQP+NIUd7SE6Li+CiGKwQtbS+FfRxPX6Pe4vHOo6nr9d++u5cwg+Z8K/x8tP+7qLmujDtfrAoUJA==}
    engines: {node: '>=20.0.0'}
    peerDependencies:
      react: '>=18'
      react-dom: '>=18'
    peerDependenciesMeta:
      react-dom:
        optional: true

  react@19.1.5:
    resolution: {integrity: sha512-lCX00zqONdNfcnJYEL91LuNYzyWFU70vKhApUR08Y1Fi/Y5FGw6l6hAWtlkq+k/vnx463XLm/5dyQp5HAJCw6Q==}
    engines: {node: '>=0.10.0'}

  scheduler@0.26.0:
    resolution: {integrity: sha512-NlHwttCI/l5gCPR3D1nNXtWABUmBwvZpEQiD4IXSbIDq8BzLIK/7Ir5gTFSGZDUu37K5cMNp0hFtzO38sC7gWA==}

  set-cookie-parser@2.7.2:
    resolution: {integrity: sha512-oeM1lpU/UvhTxw+g3cIfxXHyJRc/uidd3yK1P242gzHds0udQBYzs3y8j4gCCW+ZJ7ad0yctld8RYO+bdurlvw==}

snapshots:

  cookie@1.1.1: {}

  react-dom@19.1.5(react@19.1.5):
    dependencies:
      react: 19.1.5
      scheduler: 0.26.0

  react-router-dom@7.13.2(react-dom@19.1.5(react@19.1.5))(react@19.1.5):
    dependencies:
      react: 19.1.5
      react-dom: 19.1.5(react@19.1.5)
      react-router: 7.13.2(react-dom@19.1.5(react@19.1.5))(react@19.1.5)

  react-router@7.13.2(react-dom@19.1.5(react@19.1.5))(react@19.1.5):
    dependencies:
      cookie: 1.1.1
      react: 19.1.5
      set-cookie-parser: 2.7.2
    optionalDependencies:
      react-dom: 19.1.5(react@19.1.5)

  react@19.1.5: {}

  scheduler@0.26.0: {}

  set-cookie-parser@2.7.2: {}
